// !$*UTF8*$!
{
	archiveVersion = 1;
	classes = {
	};
	objectVersion = 46;
	objects = {

/* Begin PBXBuildFile section */
		0A58EDA91D63128400303743 /* AppDelegate.swift in Sources */ = {isa = PBXBuildFile; fileRef = 0A58EDA81D63128400303743 /* AppDelegate.swift */; };
		0A58EDAE1D63128400303743 /* Main.storyboard in Resources */ = {isa = PBXBuildFile; fileRef = 0A58EDAC1D63128400303743 /* Main.storyboard */; };
		0A58EDB01D63128400303743 /* Assets.xcassets in Resources */ = {isa = PBXBuildFile; fileRef = 0A58EDAF1D63128400303743 /* Assets.xcassets */; };
		0A58EDB31D63128400303743 /* LaunchScreen.storyboard in Resources */ = {isa = PBXBuildFile; fileRef = 0A58EDB11D63128400303743 /* LaunchScreen.storyboard */; };
		0A58EDBD1D631B1800303743 /* HomeViewController.swift in Sources */ = {isa = PBXBuildFile; fileRef = 0A58EDBC1D631B1800303743 /* HomeViewController.swift */; };
		0A58EDBF1D631B2900303743 /* LoginViewController.swift in Sources */ = {isa = PBXBuildFile; fileRef = 0A58EDBE1D631B2900303743 /* LoginViewController.swift */; };
		0A58EDC11D631B3B00303743 /* RegisterViewController.swift in Sources */ = {isa = PBXBuildFile; fileRef = 0A58EDC01D631B3B00303743 /* RegisterViewController.swift */; };
		0A58EDC31D631BD400303743 /* FormViewController.swift in Sources */ = {isa = PBXBuildFile; fileRef = 0A58EDC21D631BD400303743 /* FormViewController.swift */; };
		0A58EDC51D631BE600303743 /* InfoViewController.swift in Sources */ = {isa = PBXBuildFile; fileRef = 0A58EDC41D631BE600303743 /* InfoViewController.swift */; };
/* End PBXBuildFile section */

/* Begin PBXFileReference section */
		0A58EDA51D63128400303743 /* Login&Registration.app */ = {isa = PBXFileReference; explicitFileType = wrapper.application; includeInIndex = 0; path = "Login&Registration.app"; sourceTree = BUILT_PRODUCTS_DIR; };
		0A58EDA81D63128400303743 /* AppDelegate.swift */ = {isa = PBXFileReference; lastKnownFileType = sourcecode.swift; path = AppDelegate.swift; sourceTree = "<group>"; };
		0A58EDAD1D63128400303743 /* Base */ = {isa = PBXFileReference; lastKnownFileType = file.storyboard; name = Base; path = Base.lproj/Main.storyboard; sourceTree = "<group>"; };
		0A58EDAF1D63128400303743 /* Assets.xcassets */ = {isa = PBXFileReference; lastKnownFileType = folder.assetcatalog; path = Assets.xcassets; sourceTree = "<group>"; };
		0A58EDB21D63128400303743 /* Base */ = {isa = PBXFileReference; lastKnownFileType = file.storyboard; name = Base; path = Base.lproj/LaunchScreen.storyboard; sourceTree = "<group>"; };
		0A58EDB41D63128400303743 /* Info.plist */ = {isa = PBXFileReference; lastKnownFileType = text.plist.xml; path = Info.plist; sourceTree = "<group>"; };
		0A58EDBC1D631B1800303743 /* HomeViewController.swift */ = {isa = PBXFileReference; fileEncoding = 4; lastKnownFileType = sourcecode.swift; path = HomeViewController.swift; sourceTree = "<group>"; };
		0A58EDBE1D631B2900303743 /* LoginViewController.swift */ = {isa = PBXFileReference; fileEncoding = 4; lastKnownFileType = sourcecode.swift; path = LoginViewController.swift; sourceTree = "<group>"; };
		0A58EDC01D631B3B00303743 /* RegisterViewController.swift */ = {isa = PBXFileReference; fileEncoding = 4; lastKnownFileType = sourcecode.swift; path = RegisterViewController.swift; sourceTree = "<group>"; };
		0A58EDC21D631BD400303743 /* FormViewController.swift */ = {isa = PBXFileReference; fileEncoding = 4; lastKnownFileType = sourcecode.swift; path = FormViewController.swift; sourceTree = "<group>"; };
		0A58EDC41D631BE600303743 /* InfoViewController.swift */ = {isa = PBXFileReference; fileEncoding = 4; lastKnownFileType = sourcecode.swift; path = InfoViewController.swift; sourceTree = "<group>"; };
/* End PBXFileReference section */

/* Begin PBXFrameworksBuildPhase section */
		0A58EDA21D63128400303743 /* Frameworks */ = {
			isa = PBXFrameworksBuildPhase;
			buildActionMask = 2147483647;
			files = (
			);
			runOnlyForDeploymentPostprocessing = 0;
		};
/* End PBXFrameworksBuildPhase section */

/* Begin PBXGroup section */
		0A58ED9C1D63128400303743 = {
			isa = PBXGroup;
			children = (
				0A58EDA71D63128400303743 /* Login&Registration */,
				0A58EDA61D63128400303743 /* Products */,
			);
			sourceTree = "<group>";
		};
		0A58EDA61D63128400303743 /* Products */ = {
			isa = PBXGroup;
			children = (
				0A58EDA51D63128400303743 /* Login&Registration.app */,
			);
			name = Products;
			sourceTree = "<group>";
		};
		0A58EDA71D63128400303743 /* Login&Registration */ = {
			isa = PBXGroup;
			children = (
				0A58EDBB1D631AE400303743 /* Views */,
				0A58EDA81D63128400303743 /* AppDelegate.swift */,
				0A58EDAC1D63128400303743 /* Main.storyboard */,
				0A58EDAF1D63128400303743 /* Assets.xcassets */,
				0A58EDB11D63128400303743 /* LaunchScreen.storyboard */,
				0A58EDB41D63128400303743 /* Info.plist */,
			);
			path = "Login&Registration";
			sourceTree = "<group>";
		};
		0A58EDBB1D631AE400303743 /* Views */ = {
			isa = PBXGroup;
			children = (
				0A58EDBC1D631B1800303743 /* HomeViewController.swift */,
				0A58EDBE1D631B2900303743 /* LoginViewController.swift */,
				0A58EDC01D631B3B00303743 /* RegisterViewController.swift */,
				0A58EDC21D631BD400303743 /* FormViewController.swift */,
				0A58EDC41D631BE600303743 /* InfoViewController.swift */,
			);
			name = Views;
			sourceTree = "<group>";
		};
/* End PBXGroup section */

/* Begin PBXNativeTarget section */
		0A58EDA41D63128400303743 /* Login&Registration */ = {
			isa = PBXNativeTarget;
			buildConfigurationList = 0A58EDB71D63128400303743 /* Build configuration list for PBXNativeTarget "Login&Registration" */;
			buildPhases = (
				0A58EDA11D63128400303743 /* Sources */,
				0A58EDA21D63128400303743 /* Frameworks */,
				0A58EDA31D63128400303743 /* Resources */,
			);
			buildRules = (
			);
			dependencies = (
			);
			name = "Login&Registration";
			productName = "Login&Registration";
			productReference = 0A58EDA51D63128400303743 /* Login&Registration.app */;
			productType = "com.apple.product-type.application";
		};
/* End PBXNativeTarget section */

/* Begin PBXProject section */
		0A58ED9D1D63128400303743 /* Project object */ = {
			isa = PBXProject;
			attributes = {
				LastSwiftUpdateCheck = 0720;
				LastUpgradeCheck = 0720;
				ORGANIZATIONNAME = com.bridgeLabz;
				TargetAttributes = {
					0A58EDA41D63128400303743 = {
						CreatedOnToolsVersion = 7.2;
					};
				};
			};
			buildConfigurationList = 0A58EDA01D63128400303743 /* Build configuration list for PBXProject "Login&Registration" */;
			compatibilityVersion = "Xcode 3.2";
			developmentRegion = English;
			hasScannedForEncodings = 0;
			knownRegions = (
				en,
				Base,
			);
			mainGroup = 0A58ED9C1D63128400303743;
			productRefGroup = 0A58EDA61D63128400303743 /* Products */;
			projectDirPath = "";
			projectRoot = "";
			targets = (
				0A58EDA41D63128400303743 /* Login&Registration */,
			);
		};
/* End PBXProject section */

/* Begin PBXResourcesBuildPhase section */
		0A58EDA31D63128400303743 /* Resources */ = {
			isa = PBXResourcesBuildPhase;
			buildActionMask = 2147483647;
			files = (
				0A58EDB31D63128400303743 /* LaunchScreen.storyboard in Resources */,
				0A58EDB01D63128400303743 /* Assets.xcassets in Resources */,
				0A58EDAE1D63128400303743 /* Main.storyboard in Resources */,
			);
			runOnlyForDeploymentPostprocessing = 0;
		};
/* End PBXResourcesBuildPhase section */

/* Begin PBXSourcesBuildPhase section */
		0A58EDA11D63128400303743 /* Sources */ = {
			isa = PBXSourcesBuildPhase;
			buildActionMask = 2147483647;
			files = (
				0A58EDBF1D631B2900303743 /* LoginViewController.swift in Sources */,
				0A58EDA91D63128400303743 /* AppDelegate.swift in Sources */,
				0A58EDBD1D631B1800303743 /* HomeViewController.swift in Sources */,
				0A58EDC31D631BD400303743 /* FormViewController.swift in Sources */,
				0A58EDC51D631BE600303743 /* InfoViewController.swift in Sources */,
				0A58EDC11D631B3B00303743 /* RegisterViewController.swift in Sources */,
			);
			runOnlyForDeploymentPostprocessing = 0;
		};
/* End PBXSourcesBuildPhase section */

/* Begin PBXVariantGroup section */
		0A58EDAC1D63128400303743 /* Main.storyboard */ = {
			isa = PBXVariantGroup;
			children = (
				0A58EDAD1D63128400303743 /* Base */,
			);
			name = Main.storyboard;
			sourceTree = "<group>";
		};
		0A58EDB11D63128400303743 /* LaunchScreen.storyboard */ = {
			isa = PBXVariantGroup;
			children = (
				0A58EDB21D63128400303743 /* Base */,
			);
			name = LaunchScreen.storyboard;
			sourceTree = "<group>";
		};
/* End PBXVariantGroup section */

/* Begin XCBuildConfiguration section */
		0A58EDB51D63128400303743 /* Debug */ = {
			isa = XCBuildConfiguration;
			buildSettings = {
				ALWAYS_SEARCH_USER_PATHS = NO;
				CLANG_CXX_LANGUAGE_STANDARD = "gnu++0x";
				CLANG_CXX_LIBRARY = "libc++";
				CLANG_ENABLE_MODULES = YES;
				CLANG_ENABLE_OBJC_ARC = YES;
				CLANG_WARN_BOOL_CONVERSION = YES;
				CLANG_WARN_CONSTANT_CONVERSION = YES;
				CLANG_WARN_DIRECT_OBJC_ISA_USAGE = YES_ERROR;
				CLANG_WARN_EMPTY_BODY = YES;
				CLANG_WARN_ENUM_CONVERSION = YES;
				CLANG_WARN_INT_CONVERSION = YES;
				CLANG_WARN_OBJC_ROOT_CLASS = YES_ERROR;
				CLANG_WARN_UNREACHABLE_CODE = YES;
				CLANG_WARN__DUPLICATE_METHOD_MATCH = YES;
				"CODE_SIGN_IDENTITY[sdk=iphoneos*]" = "iPhone Developer";
				COPY_PHASE_STRIP = NO;
				DEBUG_INFORMATION_FORMAT = dwarf;
				ENABLE_STRICT_OBJC_MSGSEND = YES;
				ENABLE_TESTABILITY = YES;
				GCC_C_LANGUAGE_STANDARD = gnu99;
				GCC_DYNAMIC_NO_PIC = NO;
				GCC_NO_COMMON_BLOCKS = YES;
				GCC_OPTIMIZATION_LEVEL = 0;
				GCC_PREPROCESSOR_DEFINITIONS = (
					"DEBUG=1",
					"$(inherited)",
				);
				GCC_WARN_64_TO_32_BIT_CONVERSION = YES;
				GCC_WARN_ABOUT_RETURN_TYPE = YES_ERROR;
				GCC_WARN_UNDECLARED_SELECTOR = YES;
				GCC_WARN_UNINITIALIZED_AUTOS = YES_AGGRESSIVE;
				GCC_WARN_UNUSED_FUNCTION = YES;
				GCC_WARN_UNUSED_VARIABLE = YES;
				IPHONEOS_DEPLOYMENT_TARGET = 9.2;
				MTL_ENABLE_DEBUG_INFO = YES;
				ONLY_ACTIVE_ARCH = YES;
				SDKROOT = iphoneos;
				SWIFT_OPTIMIZATION_LEVEL = "-Onone";
			};
			name = Debug;
		};
		0A58EDB61D63128400303743 /* Release */ = {
			isa = XCBuildConfiguration;
			buildSettings = {
				ALWAYS_SEARCH_USER_PATHS = NO;
				CLANG_CXX_LANGUAGE_STANDARD = "gnu++0x";
				CLANG_CXX_LIBRARY = "libc++";
				CLANG_ENABLE_MODULES = YES;
				CLANG_ENABLE_OBJC_ARC = YES;
				CLANG_WARN_BOOL_CONVERSION = YES;
				CLANG_WARN_CONSTANT_CONVERSION = YES;
				CLANG_WARN_DIRECT_OBJC_ISA_USAGE = YES_ERROR;
				CLANG_WARN_EMPTY_BODY = YES;
				CLANG_WARN_ENUM_CONVERSION = YES;
				CLANG_WARN_INT_CONVERSION = YES;
				CLANG_WARN_OBJC_ROOT_CLASS = YES_ERROR;
				CLANG_WARN_UNREACHABLE_CODE = YES;
				CLANG_WARN__DUPLICATE_METHOD_MATCH = YES;
				"CODE_SIGN_IDENTITY[sdk=iphoneos*]" = "iPhone Developer";
				COPY_PHASE_STRIP = NO;
				DEBUG_INFORMATION_FORMAT = "dwarf-with-dsym";
				ENABLE_NS_ASSERTIONS = NO;
				ENABLE_STRICT_OBJC_MSGSEND = YES;
				GCC_C_LANGUAGE_STANDARD = gnu99;
				GCC_NO_COMMON_BLOCKS = YES;
				GCC_WARN_64_TO_32_BIT_CONVERSION = YES;
				GCC_WARN_ABOUT_RETURN_TYPE = YES_ERROR;
				GCC_WARN_UNDECLARED_SELECTOR = YES;
				GCC_WARN_UNINITIALIZED_AUTOS = YES_AGGRESSIVE;
				GCC_WARN_UNUSED_FUNCTION = YES;
				GCC_WARN_UNUSED_VARIABLE = YES;
				IPHONEOS_DEPLOYMENT_TARGET = 9.2;
				MTL_ENABLE_DEBUG_INFO = NO;
				SDKROOT = iphoneos;
				VALIDATE_PRODUCT = YES;
			};
			name = Release;
		};
		0A58EDB81D63128400303743 /* Debug */ = {
			isa = XCBuildConfiguration;
			buildSettings = {
				ASSETCATALOG_COMPILER_APPICON_NAME = AppIcon;
				INFOPLIST_FILE = "Login&Registration/Info.plist";
				LD_RUNPATH_SEARCH_PATHS = "$(inherited) @executable_path/Frameworks";
				PRODUCT_BUNDLE_IDENTIFIER = "BLz.Login-Registration";
				PRODUCT_NAME = "$(TARGET_NAME)";
			};
			name = Debug;
		};
		0A58EDB91D63128400303743 /* Release */ = {
			isa = XCBuildConfiguration;
			buildSettings = {
				ASSETCATALOG_COMPILER_APPICON_NAME = AppIcon;
				INFOPLIST_FILE = "Login&Registration/Info.plist";
				LD_RUNPATH_SEARCH_PATHS = "$(inherited) @executable_path/Frameworks";
				PRODUCT_BUNDLE_IDENTIFIER = "BLz.Login-Registration";
				PRODUCT_NAME = "$(TARGET_NAME)";
			};
			name = Release;
		};
/* End XCBuildConfiguration section */

/* Begin XCConfigurationList section */
		0A58EDA01D63128400303743 /* Build configuration list for PBXProject "Login&Registration" */ = {
			isa = XCConfigurationList;
			buildConfigurations = (
				0A58EDB51D63128400303743 /* Debug */,
				0A58EDB61D63128400303743 /* Release */,
			);
			defaultConfigurationIsVisible = 0;
			defaultConfigurationName = Release;
		};
		0A58EDB71D63128400303743 /* Build configuration list for PBXNativeTarget "Login&Registration" */ = {
			isa = XCConfigurationList;
			buildConfigurations = (
				0A58EDB81D63128400303743 /* Debug */,
				0A58EDB91D63128400303743 /* Release */,
			);
			defaultConfigurationIsVisible = 0;
		};
/* End XCConfigurationList section */
	};
	rootObject = 0A58ED9D1D63128400303743 /* Project object */;
}
